<Solution>
  <Project Path="Exercise1_VehicleHierarchy/Exercise1_VehicleHierarchy.csproj" />
  <Project Path="Exercise2_UniversityMembers/Exercise2_UniversityMembers.csproj" />
  <Project Path="Exercise3_GuidedUniversityMembers/Exercise3_GuidedUniversityMembers.csproj" />
  <Project Path="Exercise4_ShapeAreas/Exercise4_ShapeAreas.csproj" />
</Solution>
